// !$*UTF8*$!
{
	archiveVersion = 1;
	classes = {
	};
	objectVersion = 46;
	objects = {

/* Begin PBXBuildFile section */
		BCEF546F1D91339800B1642E /* AppDelegate.swift in Sources */ = {isa = PBXBuildFile; fileRef = BCEF546E1D91339800B1642E /* AppDelegate.swift */; };
		BCEF54711D91339800B1642E /* ViewController.swift in Sources */ = {isa = PBXBuildFile; fileRef = BCEF54701D91339800B1642E /* ViewController.swift */; };
		BCEF54741D91339800B1642E /* Main.storyboard in Resources */ = {isa = PBXBuildFile; fileRef = BCEF54721D91339800B1642E /* Main.storyboard */; };
		BCEF54761D91339900B1642E /* Assets.xcassets in Resources */ = {isa = PBXBuildFile; fileRef = BCEF54751D91339900B1642E /* Assets.xcassets */; };
		BCEF54791D91339900B1642E /* LaunchScreen.storyboard in Resources */ = {isa = PBXBuildFile; fileRef = BCEF54771D91339900B1642E /* LaunchScreen.storyboard */; };
/* End PBXBuildFile section */

/* Begin PBXFileReference section */
		BCEF546B1D91339800B1642E /* LoveCook.app */ = {isa = PBXFileReference; explicitFileType = wrapper.application; includeInIndex = 0; path = LoveCook.app; sourceTree = BUILT_PRODUCTS_DIR; };
		BCEF546E1D91339800B1642E /* AppDelegate.swift */ = {isa = PBXFileReference; lastKnownFileType = sourcecode.swift; path = AppDelegate.swift; sourceTree = "<group>"; };
		BCEF54701D91339800B1642E /* ViewController.swift */ = {isa = PBXFileReference; lastKnownFileType = sourcecode.swift; path = ViewController.swift; sourceTree = "<group>"; };
		BCEF54731D91339800B1642E /* Base */ = {isa = PBXFileReference; lastKnownFileType = file.storyboard; name = Base; path = Base.lproj/Main.storyboard; sourceTree = "<group>"; };
		BCEF54751D91339900B1642E /* Assets.xcassets */ = {isa = PBXFileReference; lastKnownFileType = folder.assetcatalog; path = Assets.xcassets; sourceTree = "<group>"; };
		BCEF54781D91339900B1642E /* Base */ = {isa = PBXFileReference; lastKnownFileType = file.storyboard; name = Base; path = Base.lproj/LaunchScreen.storyboard; sourceTree = "<group>"; };
		BCEF547A1D91339900B1642E /* Info.plist */ = {isa = PBXFileReference; lastKnownFileType = text.plist.xml; path = Info.plist; sourceTree = "<group>"; };
/* End PBXFileReference section */

/* Begin PBXFrameworksBuildPhase section */
		BCEF54681D91339800B1642E /* Frameworks */ = {
			isa = PBXFrameworksBuildPhase;
			buildActionMask = 2147483647;
			files = (
			);
			runOnlyForDeploymentPostprocessing = 0;
		};
/* End PBXFrameworksBuildPhase section */

/* Begin PBXGroup section */
		BCEF54621D91339800B1642E = {
			isa = PBXGroup;
			children = (
				BCEF546D1D91339800B1642E /* LoveCook */,
				BCEF546C1D91339800B1642E /* Products */,
			);
			sourceTree = "<group>";
		};
		BCEF546C1D91339800B1642E /* Products */ = {
			isa = PBXGroup;
			children = (
				BCEF546B1D91339800B1642E /* LoveCook.app */,
			);
			name = Products;
			sourceTree = "<group>";
		};
		BCEF546D1D91339800B1642E /* LoveCook */ = {
			isa = PBXGroup;
			children = (
				BCEF546E1D91339800B1642E /* AppDelegate.swift */,
				BCEF54701D91339800B1642E /* ViewController.swift */,
				BCEF54721D91339800B1642E /* Main.storyboard */,
				BCEF54751D91339900B1642E /* Assets.xcassets */,
				BCEF54771D91339900B1642E /* LaunchScreen.storyboard */,
				BCEF547A1D91339900B1642E /* Info.plist */,
			);
			path = LoveCook;
			sourceTree = "<group>";
		};
/* End PBXGroup section */

/* Begin PBXNativeTarget section */
		BCEF546A1D91339800B1642E /* LoveCook */ = {
			isa = PBXNativeTarget;
			buildConfigurationList = BCEF547D1D91339900B1642E /* Build configuration list for PBXNativeTarget "LoveCook" */;
			buildPhases = (
				BCEF54671D91339800B1642E /* Sources */,
				BCEF54681D91339800B1642E /* Frameworks */,
				BCEF54691D91339800B1642E /* Resources */,
			);
			buildRules = (
			);
			dependencies = (
			);
			name = LoveCook;
			productName = LoveCook;
			productReference = BCEF546B1D91339800B1642E /* LoveCook.app */;
			productType = "com.apple.product-type.application";
		};
/* End PBXNativeTarget section */

/* Begin PBXProject section */
		BCEF54631D91339800B1642E /* Project object */ = {
			isa = PBXProject;
			attributes = {
				LastSwiftUpdateCheck = 0730;
				LastUpgradeCheck = 0730;
				ORGANIZATIONNAME = LiuWei;
				TargetAttributes = {
					BCEF546A1D91339800B1642E = {
						CreatedOnToolsVersion = 7.3.1;
						DevelopmentTeam = D22NSE5N4G;
					};
				};
			};
			buildConfigurationList = BCEF54661D91339800B1642E /* Build configuration list for PBXProject "LoveCook" */;
			compatibilityVersion = "Xcode 3.2";
			developmentRegion = English;
			hasScannedForEncodings = 0;
			knownRegions = (
				en,
				Base,
			);
			mainGroup = BCEF54621D91339800B1642E;
			productRefGroup = BCEF546C1D91339800B1642E /* Products */;
			projectDirPath = "";
			projectRoot = "";
			targets = (
				BCEF546A1D91339800B1642E /* LoveCook */,
			);
		};
/* End PBXProject section */

/* Begin PBXResourcesBuildPhase section */
		BCEF54691D91339800B1642E /* Resources */ = {
			isa = PBXResourcesBuildPhase;
			buildActionMask = 2147483647;
			files = (
				BCEF54791D91339900B1642E /* LaunchScreen.storyboard in Resources */,
				BCEF54761D91339900B1642E /* Assets.xcassets in Resources */,
				BCEF54741D91339800B1642E /* Main.storyboard in Resources */,
			);
			runOnlyForDeploymentPostprocessing = 0;
		};
/* End PBXResourcesBuildPhase section */

/* Begin PBXSourcesBuildPhase section */
		BCEF54671D91339800B1642E /* Sources */ = {
			isa = PBXSourcesBuildPhase;
			buildActionMask = 2147483647;
			files = (
				BCEF54711D91339800B1642E /* ViewController.swift in Sources */,
				BCEF546F1D91339800B1642E /* AppDelegate.swift in Sources */,
			);
			runOnlyForDeploymentPostprocessing = 0;
		};
/* End PBXSourcesBuildPhase section */

/* Begin PBXVariantGroup section */
		BCEF54721D91339800B1642E /* Main.storyboard */ = {
			isa = PBXVariantGroup;
			children = (
				BCEF54731D91339800B1642E /* Base */,
			);
			name = Main.storyboard;
			sourceTree = "<group>";
		};
		BCEF54771D91339900B1642E /* LaunchScreen.storyboard */ = {
			isa = PBXVariantGroup;
			children = (
				BCEF54781D91339900B1642E /* Base */,
			);
			name = LaunchScreen.storyboard;
			sourceTree = "<group>";
		};
/* End PBXVariantGroup section */

/* Begin XCBuildConfiguration section */
		BCEF547B1D91339900B1642E /* Debug */ = {
			isa = XCBuildConfiguration;
			buildSettings = {
				ALWAYS_SEARCH_USER_PATHS = NO;
				CLANG_ANALYZER_NONNULL = YES;
				CLANG_CXX_LANGUAGE_STANDARD = "gnu++0x";
				CLANG_CXX_LIBRARY = "libc++";
				CLANG_ENABLE_MODULES = YES;
				CLANG_ENABLE_OBJC_ARC = YES;
				CLANG_WARN_BOOL_CONVERSION = YES;
				CLANG_WARN_CONSTANT_CONVERSION = YES;
				CLANG_WARN_DIRECT_OBJC_ISA_USAGE = YES_ERROR;
				CLANG_WARN_EMPTY_BODY = YES;
				CLANG_WARN_ENUM_CONVERSION = YES;
				CLANG_WARN_INT_CONVERSION = YES;
				CLANG_WARN_OBJC_ROOT_CLASS = YES_ERROR;
				CLANG_WARN_UNREACHABLE_CODE = YES;
				CLANG_WARN__DUPLICATE_METHOD_MATCH = YES;
				"CODE_SIGN_IDENTITY[sdk=iphoneos*]" = "iPhone Developer";
				COPY_PHASE_STRIP = NO;
				DEBUG_INFORMATION_FORMAT = dwarf;
				ENABLE_STRICT_OBJC_MSGSEND = YES;
				ENABLE_TESTABILITY = YES;
				GCC_C_LANGUAGE_STANDARD = gnu99;
				GCC_DYNAMIC_NO_PIC = NO;
				GCC_NO_COMMON_BLOCKS = YES;
				GCC_OPTIMIZATION_LEVEL = 0;
				GCC_PREPROCESSOR_DEFINITIONS = (
					"DEBUG=1",
					"$(inherited)",
				);
				GCC_WARN_64_TO_32_BIT_CONVERSION = YES;
				GCC_WARN_ABOUT_RETURN_TYPE = YES_ERROR;
				GCC_WARN_UNDECLARED_SELECTOR = YES;
				GCC_WARN_UNINITIALIZED_AUTOS = YES_AGGRESSIVE;
				GCC_WARN_UNUSED_FUNCTION = YES;
				GCC_WARN_UNUSED_VARIABLE = YES;
				IPHONEOS_DEPLOYMENT_TARGET = 9.3;
				MTL_ENABLE_DEBUG_INFO = YES;
				ONLY_ACTIVE_ARCH = YES;
				SDKROOT = iphoneos;
				SWIFT_OPTIMIZATION_LEVEL = "-Onone";
			};
			name = Debug;
		};
		BCEF547C1D91339900B1642E /* Release */ = {
			isa = XCBuildConfiguration;
			buildSettings = {
				ALWAYS_SEARCH_USER_PATHS = NO;
				CLANG_ANALYZER_NONNULL = YES;
				CLANG_CXX_LANGUAGE_STANDARD = "gnu++0x";
				CLANG_CXX_LIBRARY = "libc++";
				CLANG_ENABLE_MODULES = YES;
				CLANG_ENABLE_OBJC_ARC = YES;
				CLANG_WARN_BOOL_CONVERSION = YES;
				CLANG_WARN_CONSTANT_CONVERSION = YES;
				CLANG_WARN_DIRECT_OBJC_ISA_USAGE = YES_ERROR;
				CLANG_WARN_EMPTY_BODY = YES;
				CLANG_WARN_ENUM_CONVERSION = YES;
				CLANG_WARN_INT_CONVERSION = YES;
				CLANG_WARN_OBJC_ROOT_CLASS = YES_ERROR;
				CLANG_WARN_UNREACHABLE_CODE = YES;
				CLANG_WARN__DUPLICATE_METHOD_MATCH = YES;
				"CODE_SIGN_IDENTITY[sdk=iphoneos*]" = "iPhone Developer";
				COPY_PHASE_STRIP = NO;
				DEBUG_INFORMATION_FORMAT = "dwarf-with-dsym";
				ENABLE_NS_ASSERTIONS = NO;
				ENABLE_STRICT_OBJC_MSGSEND = YES;
				GCC_C_LANGUAGE_STANDARD = gnu99;
				GCC_NO_COMMON_BLOCKS = YES;
				GCC_WARN_64_TO_32_BIT_CONVERSION = YES;
				GCC_WARN_ABOUT_RETURN_TYPE = YES_ERROR;
				GCC_WARN_UNDECLARED_SELECTOR = YES;
				GCC_WARN_UNINITIALIZED_AUTOS = YES_AGGRESSIVE;
				GCC_WARN_UNUSED_FUNCTION = YES;
				GCC_WARN_UNUSED_VARIABLE = YES;
				IPHONEOS_DEPLOYMENT_TARGET = 9.3;
				MTL_ENABLE_DEBUG_INFO = NO;
				SDKROOT = iphoneos;
				VALIDATE_PRODUCT = YES;
			};
			name = Release;
		};
		BCEF547E1D91339900B1642E /* Debug */ = {
			isa = XCBuildConfiguration;
			buildSettings = {
				ASSETCATALOG_COMPILER_APPICON_NAME = AppIcon;
				INFOPLIST_FILE = LoveCook/Info.plist;
				LD_RUNPATH_SEARCH_PATHS = "$(inherited) @executable_path/Frameworks";
				PRODUCT_BUNDLE_IDENTIFIER = com.liuwei.LoveCook;
				PRODUCT_NAME = "$(TARGET_NAME)";
			};
			name = Debug;
		};
		BCEF547F1D91339900B1642E /* Release */ = {
			isa = XCBuildConfiguration;
			buildSettings = {
				ASSETCATALOG_COMPILER_APPICON_NAME = AppIcon;
				INFOPLIST_FILE = LoveCook/Info.plist;
				LD_RUNPATH_SEARCH_PATHS = "$(inherited) @executable_path/Frameworks";
				PRODUCT_BUNDLE_IDENTIFIER = com.liuwei.LoveCook;
				PRODUCT_NAME = "$(TARGET_NAME)";
			};
			name = Release;
		};
/* End XCBuildConfiguration section */

/* Begin XCConfigurationList section */
		BCEF54661D91339800B1642E /* Build configuration list for PBXProject "LoveCook" */ = {
			isa = XCConfigurationList;
			buildConfigurations = (
				BCEF547B1D91339900B1642E /* Debug */,
				BCEF547C1D91339900B1642E /* Release */,
			);
			defaultConfigurationIsVisible = 0;
			defaultConfigurationName = Release;
		};
		BCEF547D1D91339900B1642E /* Build configuration list for PBXNativeTarget "LoveCook" */ = {
			isa = XCConfigurationList;
			buildConfigurations = (
				BCEF547E1D91339900B1642E /* Debug */,
				BCEF547F1D91339900B1642E /* Release */,
			);
			defaultConfigurationIsVisible = 0;
		};
/* End XCConfigurationList section */
	};
	rootObject = BCEF54631D91339800B1642E /* Project object */;
}
